
Microsoft Visual Studio Solution File, Format Version 12.00
# Visual Studio Version 17
VisualStudioVersion = 17.14.36109.1 d17.14
MinimumVisualStudioVersion = 10.0.40219.1
Project("{FAE04EC0-301F-11D3-BF4B-00C04F79EFBC}") = "GameLogEscritorio", "GameLogEscritorio\GameLogEscritorio.csproj", "{86144CCB-10D9-4A32-AF33-873D080FBACE}"
EndProject
Global
	GlobalSection(SolutionConfigurationPlatforms) = preSolution
		Debug|Any CPU = Debug|Any CPU
		Release|Any CPU = Release|Any CPU
	EndGlobalSection
	GlobalSection(ProjectConfigurationPlatforms) = postSolution
		{86144CCB-10D9-4A32-AF33-873D080FBACE}.Debug|Any CPU.ActiveCfg = Debug|Any CPU
		{86144CCB-10D9-4A32-AF33-873D080FBACE}.Debug|Any CPU.Build.0 = Debug|Any CPU
		{86144CCB-10D9-4A32-AF33-873D080FBACE}.Release|Any CPU.ActiveCfg = Release|Any CPU
		{86144CCB-10D9-4A32-AF33-873D080FBACE}.Release|Any CPU.Build.0 = Release|Any CPU
	EndGlobalSection
	GlobalSection(SolutionProperties) = preSolution
		HideSolutionNode = FALSE
	EndGlobalSection
	GlobalSection(ExtensibilityGlobals) = postSolution
		SolutionGuid = {017B4E7E-9EE2-4CC3-A11D-D492E2BEE1EE}
	EndGlobalSection
EndGlobal
